
Microsoft Visual Studio Solution File, Format Version 12.00
# Visual Studio 2013
VisualStudioVersion = 12.0.21005.1
MinimumVisualStudioVersion = 10.0.40219.1
Project("{FAE04EC0-301F-11D3-BF4B-00C04F79EFBC}") = "Tatp.Visual", "Tatp.Visual\Tatp.Visual.csproj", "{A17AA4BF-EA22-4342-B61B-5DBA2409B518}"
EndProject
Project("{FAE04EC0-301F-11D3-BF4B-00C04F79EFBC}") = "Tatp.Core", "Tatp.Core\Tatp.Core.csproj", "{9F807F52-43C4-4D74-9FE7-2A1705A97AA5}"
EndProject
Global
	GlobalSection(SolutionConfigurationPlatforms) = preSolution
		Debug|Any CPU = Debug|Any CPU
		Release|Any CPU = Release|Any CPU
	EndGlobalSection
	GlobalSection(ProjectConfigurationPlatforms) = postSolution
		{A17AA4BF-EA22-4342-B61B-5DBA2409B518}.Debug|Any CPU.ActiveCfg = Debug|Any CPU
		{A17AA4BF-EA22-4342-B61B-5DBA2409B518}.Debug|Any CPU.Build.0 = Debug|Any CPU
		{A17AA4BF-EA22-4342-B61B-5DBA2409B518}.Release|Any CPU.ActiveCfg = Release|Any CPU
		{A17AA4BF-EA22-4342-B61B-5DBA2409B518}.Release|Any CPU.Build.0 = Release|Any CPU
		{9F807F52-43C4-4D74-9FE7-2A1705A97AA5}.Debug|Any CPU.ActiveCfg = Debug|Any CPU
		{9F807F52-43C4-4D74-9FE7-2A1705A97AA5}.Debug|Any CPU.Build.0 = Debug|Any CPU
		{9F807F52-43C4-4D74-9FE7-2A1705A97AA5}.Release|Any CPU.ActiveCfg = Release|Any CPU
		{9F807F52-43C4-4D74-9FE7-2A1705A97AA5}.Release|Any CPU.Build.0 = Release|Any CPU
	EndGlobalSection
	GlobalSection(SolutionProperties) = preSolution
		HideSolutionNode = FALSE
	EndGlobalSection
EndGlobal
